<?xml version="1.0" encoding="utf-8"?>
<Project ToolsVersion="4.0" xmlns="http://schemas.microsoft.com/developer/msbuild/2003">
  <ItemGroup>
    <Filter Include="源文件">
      <UniqueIdentifier>{4FC737F1-C7A5-4376-A066-2A32D752A2FF}</UniqueIdentifier>
      <Extensions>cpp;c;cc;cxx;c++;cppm;ixx;def;odl;idl;hpj;bat;asm;asmx</Extensions>
    </Filter>
    <Filter Include="头文件">
      <UniqueIdentifier>{93995380-89BD-4b04-88EB-625FBE52EBFB}</UniqueIdentifier>
      <Extensions>h;hh;hpp;hxx;h++;hm;inl;inc;ipp;xsd</Extensions>
    </Filter>
    <Filter Include="资源文件">
      <UniqueIdentifier>{67DA6AB6-F800-4c08-8B7A-83BB121AAD01}</UniqueIdentifier>
      <Extensions>rc;ico;cur;bmp;dlg;rc2;rct;bin;rgs;gif;jpg;jpeg;jpe;resx;tiff;tif;png;wav;mfcribbon-ms</Extensions>
    </Filter>
    <Filter Include="ImGui">
      <UniqueIdentifier>{5aba4f2b-0ad4-431f-ab52-6e0ae836ce08}</UniqueIdentifier>
    </Filter>
  </ItemGroup>
  <ItemGroup>
    <ClInclude Include="Resource.h">
      <Filter>头文件</Filter>
    </ClInclude>
    <ClInclude Include="PreLink.h">
      <Filter>头文件</Filter>
    </ClInclude>
    <ClInclude Include="MainStage.h">
      <Filter>头文件</Filter>
    </ClInclude>
    <ClInclude Include="FromEngine\Include.h">
      <Filter>头文件</Filter>
    </ClInclude>
    <ClInclude Include="FromEngine\InfoStack.h">
      <Filter>头文件</Filter>
    </ClInclude>
    <ClInclude Include="FromEngine\RFBump.h">
      <Filter>头文件</Filter>
    </ClInclude>
    <ClInclude Include="IBRender.h">
      <Filter>头文件</Filter>
    </ClInclude>
    <ClInclude Include="IBFront.h">
      <Filter>头文件</Filter>
    </ClInclude>
    <ClInclude Include="IBBack.h">
      <Filter>头文件</Filter>
    </ClInclude>
    <ClInclude Include="SaveFile.h">
      <Filter>头文件</Filter>
    </ClInclude>
    <ClInclude Include="Global.h">
      <Filter>头文件</Filter>
    </ClInclude>
    <ClInclude Include="cjson\cJSON.h">
      <Filter>头文件</Filter>
    </ClInclude>
    <ClInclude Include="FromEngine\global_tool_func.h">
      <Filter>头文件</Filter>
    </ClInclude>
    <ClInclude Include="IBSave.h">
      <Filter>头文件</Filter>
    </ClInclude>
    <ClInclude Include="FromEngine\external_file.h">
      <Filter>头文件</Filter>
    </ClInclude>
    <ClInclude Include="IBB_ModuleAlt.h">
      <Filter>头文件</Filter>
    </ClInclude>
    <ClInclude Include="FromEngine\external_log.h">
      <Filter>头文件</Filter>
    </ClInclude>
    <ClInclude Include="FromEngine\global_timer.h">
      <Filter>头文件</Filter>
    </ClInclude>
    <ClInclude Include="FromEngine\types.h">
      <Filter>头文件</Filter>
    </ClInclude>
    <ClInclude Include="IBB_RegType.h">
      <Filter>头文件</Filter>
    </ClInclude>
    <ClInclude Include="..\ImGui\backends\imgui_impl_glfw.h">
      <Filter>ImGui</Filter>
    </ClInclude>
    <ClInclude Include="..\ImGui\backends\imgui_impl_opengl2.h">
      <Filter>ImGui</Filter>
    </ClInclude>
    <ClInclude Include="..\ImGui\backends\imgui_impl_win32.h">
      <Filter>ImGui</Filter>
    </ClInclude>
    <ClInclude Include="..\ImGui\imconfig.h">
      <Filter>ImGui</Filter>
    </ClInclude>
    <ClInclude Include="..\ImGui\imgui.h">
      <Filter>ImGui</Filter>
    </ClInclude>
    <ClInclude Include="..\ImGui\imgui_internal.h">
      <Filter>ImGui</Filter>
    </ClInclude>
    <ClInclude Include="..\ImGui\imstb_rectpack.h">
      <Filter>ImGui</Filter>
    </ClInclude>
    <ClInclude Include="..\ImGui\imstb_textedit.h">
      <Filter>ImGui</Filter>
    </ClInclude>
    <ClInclude Include="..\ImGui\imstb_truetype.h">
      <Filter>ImGui</Filter>
    </ClInclude>
    <ClInclude Include="IBR_Localization.h">
      <Filter>头文件</Filter>
    </ClInclude>
    <ClInclude Include="IBG_Ini.h">
      <Filter>头文件</Filter>
    </ClInclude>
  </ItemGroup>
  <ItemGroup>
    <ClCompile Include="INIBrowser.cpp">
      <Filter>源文件</Filter>
    </ClCompile>
    <ClCompile Include="FromEngine\external_log.cpp">
      <Filter>源文件</Filter>
    </ClCompile>
    <ClCompile Include="FromEngine\global_tool_func.cpp">
      <Filter>源文件</Filter>
    </ClCompile>
    <ClCompile Include="IBFront.cpp">
      <Filter>源文件</Filter>
    </ClCompile>
    <ClCompile Include="IBBack.cpp">
      <Filter>源文件</Filter>
    </ClCompile>
    <ClCompile Include="IBS_File.cpp">
      <Filter>源文件</Filter>
    </ClCompile>
    <ClCompile Include="IBR_Misc.cpp">
      <Filter>源文件</Filter>
    </ClCompile>
    <ClCompile Include="FromEngine\RFBump.cpp">
      <Filter>源文件</Filter>
    </ClCompile>
    <ClCompile Include="Global.cpp">
      <Filter>源文件</Filter>
    </ClCompile>
    <ClCompile Include="cjson\cJSON.c">
      <Filter>源文件</Filter>
    </ClCompile>
    <ClCompile Include="IBSave.cpp">
      <Filter>源文件</Filter>
    </ClCompile>
    <ClCompile Include="IBR_Setting.cpp">
      <Filter>源文件</Filter>
    </ClCompile>
    <ClCompile Include="IBR_Panel.cpp">
      <Filter>源文件</Filter>
    </ClCompile>
    <ClCompile Include="IBR_FullView.cpp">
      <Filter>源文件</Filter>
    </ClCompile>
    <ClCompile Include="IBR_Components.cpp">
      <Filter>源文件</Filter>
    </ClCompile>
    <ClCompile Include="IBB_Section.cpp">
      <Filter>源文件</Filter>
    </ClCompile>
    <ClCompile Include="IBB_Project.cpp">
      <Filter>源文件</Filter>
    </ClCompile>
    <ClCompile Include="IBB_SubSec.cpp">
      <Filter>源文件</Filter>
    </ClCompile>
    <ClCompile Include="IBR_ProjManager.cpp">
      <Filter>源文件</Filter>
    </ClCompile>
    <ClCompile Include="IBR_Debug.cpp">
      <Filter>源文件</Filter>
    </ClCompile>
    <ClCompile Include="IBB_ModuleAlt.cpp">
      <Filter>源文件</Filter>
    </ClCompile>
    <ClCompile Include="IBR_WorkSpace.cpp">
      <Filter>源文件</Filter>
    </ClCompile>
    <ClCompile Include="IBR_Section.cpp">
      <Filter>源文件</Filter>
    </ClCompile>
    <ClCompile Include="IBR_Project.cpp">
      <Filter>源文件</Filter>
    </ClCompile>
    <ClCompile Include="IBR_SectionData.cpp">
      <Filter>源文件</Filter>
    </ClCompile>
    <ClCompile Include="IBB_Setting.cpp">
      <Filter>源文件</Filter>
    </ClCompile>
    <ClCompile Include="IBB_RegType.cpp">
      <Filter>源文件</Filter>
    </ClCompile>
    <ClCompile Include="..\ImGui\imgui.cpp">
      <Filter>ImGui</Filter>
    </ClCompile>
    <ClCompile Include="..\ImGui\imgui_demo.cpp">
      <Filter>ImGui</Filter>
    </ClCompile>
    <ClCompile Include="..\ImGui\imgui_draw.cpp">
      <Filter>ImGui</Filter>
    </ClCompile>
    <ClCompile Include="..\ImGui\imgui_tables.cpp">
      <Filter>ImGui</Filter>
    </ClCompile>
    <ClCompile Include="..\ImGui\imgui_widgets.cpp">
      <Filter>ImGui</Filter>
    </ClCompile>
    <ClCompile Include="..\ImGui\backends\imgui_impl_glfw.cpp">
      <Filter>ImGui</Filter>
    </ClCompile>
    <ClCompile Include="..\ImGui\backends\imgui_impl_opengl2.cpp">
      <Filter>ImGui</Filter>
    </ClCompile>
    <ClCompile Include="..\ImGui\backends\imgui_impl_win32.cpp">
      <Filter>ImGui</Filter>
    </ClCompile>
    <ClCompile Include="IBR_Localization.cpp">
      <Filter>源文件</Filter>
    </ClCompile>
  </ItemGroup>
  <ItemGroup>
    <Image Include="icon1.ico">
      <Filter>资源文件</Filter>
    </Image>
  </ItemGroup>
  <ItemGroup>
    <ResourceCompile Include="Resource.rc">
      <Filter>资源文件</Filter>
    </ResourceCompile>
  </ItemGroup>
  <ItemGroup>
    <None Include="..\Release\Global\RegisterTypes.json">
      <Filter>资源文件</Filter>
    </None>
    <None Include="..\Release\Global\TypeAlt.csv">
      <Filter>资源文件</Filter>
    </None>
    <None Include="..\Release\Resources\language.ini">
      <Filter>资源文件</Filter>
    </None>
  </ItemGroup>
</Project>